
Microsoft Visual Studio Solution File, Format Version 12.00
# Visual Studio Version 17
VisualStudioVersion = 17.0.31903.59
MinimumVisualStudioVersion = 10.0.40219.1
Project("{FAE04EC0-301F-11D3-BF4B-00C04F79EFBC}") = "KarateChop", "KarateChop\KarateChop.csproj", "{073C9E45-C3B9-45DC-B262-79CC7065A28B}"
EndProject
Project("{FAE04EC0-301F-11D3-BF4B-00C04F79EFBC}") = "KarateChop.Tests", "KarateChop.Tests\KarateChop.Tests.csproj", "{05320FB8-8EF7-4852-AECA-2E7BC89D695F}"
EndProject
Project("{FAE04EC0-301F-11D3-BF4B-00C04F79EFBC}") = "StringCalculator", "StringCalculator\StringCalculator.csproj", "{A440A1FE-D4E1-4DE3-B684-89FF2C83ADFD}"
EndProject
Project("{FAE04EC0-301F-11D3-BF4B-00C04F79EFBC}") = "StringCalculator.Tests", "StringCalculator.Tests\StringCalculator.Tests.csproj", "{03EC190C-7C74-4D76-94CF-9A074EA2CD7F}"
EndProject
Project("{FAE04EC0-301F-11D3-BF4B-00C04F79EFBC}") = "PasswordInputFieldValidation", "PasswordInputFieldValidation\PasswordInputFieldValidation.csproj", "{157D9BCF-65FE-4066-90B8-F5C5C4AC5E0A}"
EndProject
Project("{FAE04EC0-301F-11D3-BF4B-00C04F79EFBC}") = "PasswordInputFieldValidation.Tests", "PasswordInputFieldValidation.Tests\PasswordInputFieldValidation.Tests.csproj", "{BD97852B-F31B-4AD7-9D35-8646CE6BB030}"
EndProject
Project("{FAE04EC0-301F-11D3-BF4B-00C04F79EFBC}") = "SearchFunctionality", "SearchFunctionality\SearchFunctionality.csproj", "{63AC8F83-52A8-4F05-B811-3E88626C28AD}"
EndProject
Project("{FAE04EC0-301F-11D3-BF4B-00C04F79EFBC}") = "SearchFunctionality.Tests", "SearchFunctionality.Tests\SearchFunctionality.Tests.csproj", "{06C6DBB6-BC89-4B38-BA39-DDD57160B424}"
EndProject
Global
	GlobalSection(SolutionConfigurationPlatforms) = preSolution
		Debug|Any CPU = Debug|Any CPU
		Release|Any CPU = Release|Any CPU
	EndGlobalSection
	GlobalSection(SolutionProperties) = preSolution
		HideSolutionNode = FALSE
	EndGlobalSection
	GlobalSection(ProjectConfigurationPlatforms) = postSolution
		{073C9E45-C3B9-45DC-B262-79CC7065A28B}.Debug|Any CPU.ActiveCfg = Debug|Any CPU
		{073C9E45-C3B9-45DC-B262-79CC7065A28B}.Debug|Any CPU.Build.0 = Debug|Any CPU
		{073C9E45-C3B9-45DC-B262-79CC7065A28B}.Release|Any CPU.ActiveCfg = Release|Any CPU
		{073C9E45-C3B9-45DC-B262-79CC7065A28B}.Release|Any CPU.Build.0 = Release|Any CPU
		{05320FB8-8EF7-4852-AECA-2E7BC89D695F}.Debug|Any CPU.ActiveCfg = Debug|Any CPU
		{05320FB8-8EF7-4852-AECA-2E7BC89D695F}.Debug|Any CPU.Build.0 = Debug|Any CPU
		{05320FB8-8EF7-4852-AECA-2E7BC89D695F}.Release|Any CPU.ActiveCfg = Release|Any CPU
		{05320FB8-8EF7-4852-AECA-2E7BC89D695F}.Release|Any CPU.Build.0 = Release|Any CPU
		{A440A1FE-D4E1-4DE3-B684-89FF2C83ADFD}.Debug|Any CPU.ActiveCfg = Debug|Any CPU
		{A440A1FE-D4E1-4DE3-B684-89FF2C83ADFD}.Debug|Any CPU.Build.0 = Debug|Any CPU
		{A440A1FE-D4E1-4DE3-B684-89FF2C83ADFD}.Release|Any CPU.ActiveCfg = Release|Any CPU
		{A440A1FE-D4E1-4DE3-B684-89FF2C83ADFD}.Release|Any CPU.Build.0 = Release|Any CPU
		{03EC190C-7C74-4D76-94CF-9A074EA2CD7F}.Debug|Any CPU.ActiveCfg = Debug|Any CPU
		{03EC190C-7C74-4D76-94CF-9A074EA2CD7F}.Debug|Any CPU.Build.0 = Debug|Any CPU
		{03EC190C-7C74-4D76-94CF-9A074EA2CD7F}.Release|Any CPU.ActiveCfg = Release|Any CPU
		{03EC190C-7C74-4D76-94CF-9A074EA2CD7F}.Release|Any CPU.Build.0 = Release|Any CPU
		{157D9BCF-65FE-4066-90B8-F5C5C4AC5E0A}.Debug|Any CPU.ActiveCfg = Debug|Any CPU
		{157D9BCF-65FE-4066-90B8-F5C5C4AC5E0A}.Debug|Any CPU.Build.0 = Debug|Any CPU
		{157D9BCF-65FE-4066-90B8-F5C5C4AC5E0A}.Release|Any CPU.ActiveCfg = Release|Any CPU
		{157D9BCF-65FE-4066-90B8-F5C5C4AC5E0A}.Release|Any CPU.Build.0 = Release|Any CPU
		{BD97852B-F31B-4AD7-9D35-8646CE6BB030}.Debug|Any CPU.ActiveCfg = Debug|Any CPU
		{BD97852B-F31B-4AD7-9D35-8646CE6BB030}.Debug|Any CPU.Build.0 = Debug|Any CPU
		{BD97852B-F31B-4AD7-9D35-8646CE6BB030}.Release|Any CPU.ActiveCfg = Release|Any CPU
		{BD97852B-F31B-4AD7-9D35-8646CE6BB030}.Release|Any CPU.Build.0 = Release|Any CPU
		{63AC8F83-52A8-4F05-B811-3E88626C28AD}.Debug|Any CPU.ActiveCfg = Debug|Any CPU
		{63AC8F83-52A8-4F05-B811-3E88626C28AD}.Debug|Any CPU.Build.0 = Debug|Any CPU
		{63AC8F83-52A8-4F05-B811-3E88626C28AD}.Release|Any CPU.ActiveCfg = Release|Any CPU
		{63AC8F83-52A8-4F05-B811-3E88626C28AD}.Release|Any CPU.Build.0 = Release|Any CPU
		{06C6DBB6-BC89-4B38-BA39-DDD57160B424}.Debug|Any CPU.ActiveCfg = Debug|Any CPU
		{06C6DBB6-BC89-4B38-BA39-DDD57160B424}.Debug|Any CPU.Build.0 = Debug|Any CPU
		{06C6DBB6-BC89-4B38-BA39-DDD57160B424}.Release|Any CPU.ActiveCfg = Release|Any CPU
		{06C6DBB6-BC89-4B38-BA39-DDD57160B424}.Release|Any CPU.Build.0 = Release|Any CPU
	EndGlobalSection
EndGlobal
